hash: a5753256ef7f31d34fff8266803b50c1b237e1e72537f63f6f6d7dc1cab991df
updated: 2017-10-31T07:48:36.219761-05:00
imports:
- name: bitbucket.org/atlassian/rolling
  version: 6011875bcfaf2454565ce1ab69462f2cabd5ebbc
  repo: git@bitbucket.org:atlassian/rolling
  vcs: git
- name: github.com/go-ole/go-ole
  version: 2ecd927eaf828c4fc088fae349b28eed1480ff56
  subpackages:
  - oleutil
- name: github.com/shirou/gopsutil
  version: 48fc5612898a1213aa5d6a0fb2d4f7b968e898fb
  subpackages:
  - cpu
  - internal/common
- name: github.com/StackExchange/wmi
  version: ea383cf3ba6ec950874b8486cd72356d007c768f
- name: golang.org/x/sys
  version: 95c6576299259db960f6c5b9b69ea52422860fce
  subpackages:
  - unix
  - windows
testImports: []
